
Microsoft Visual Studio Solution File, Format Version 12.00
# Visual Studio Version 17
VisualStudioVersion = 17.10.35013.160
MinimumVisualStudioVersion = 10.0.40219.1
Project("{FAE04EC0-301F-11D3-BF4B-00C04F79EFBC}") = "Erp.Api", "Erp.Api\Erp.Api.csproj", "{0000D7EB-4301-4570-8A4B-DC8C7F5FD6C7}"
EndProject
Project("{FAE04EC0-301F-11D3-BF4B-00C04F79EFBC}") = "Erp.Data", "Erp.Data\Erp.Data.csproj", "{DF06F8B0-9754-453B-B4D8-A356F4D90C7A}"
EndProject
Project("{FAE04EC0-301F-11D3-BF4B-00C04F79EFBC}") = "Erp.Infrastructure", "Erp.Infrastructure\Erp.Infrastructure.csproj", "{B8A12357-3646-4357-9BC1-E62B4F81A58B}"
EndProject
Project("{FAE04EC0-301F-11D3-BF4B-00C04F79EFBC}") = "Erp.Service", "Erp.Service\Erp.Service.csproj", "{D986B1F8-EB22-4B6D-BD00-6FC34B9990BE}"
EndProject
Project("{FAE04EC0-301F-11D3-BF4B-00C04F79EFBC}") = "Erp.Core", "Erp.Core\Erp.Core.csproj", "{4A60A851-90E8-4270-AFF3-451BBD8779C2}"
EndProject
Global
	GlobalSection(SolutionConfigurationPlatforms) = preSolution
		Debug|Any CPU = Debug|Any CPU
		Release|Any CPU = Release|Any CPU
	EndGlobalSection
	GlobalSection(ProjectConfigurationPlatforms) = postSolution
		{0000D7EB-4301-4570-8A4B-DC8C7F5FD6C7}.Debug|Any CPU.ActiveCfg = Debug|Any CPU
		{0000D7EB-4301-4570-8A4B-DC8C7F5FD6C7}.Debug|Any CPU.Build.0 = Debug|Any CPU
		{0000D7EB-4301-4570-8A4B-DC8C7F5FD6C7}.Release|Any CPU.ActiveCfg = Release|Any CPU
		{0000D7EB-4301-4570-8A4B-DC8C7F5FD6C7}.Release|Any CPU.Build.0 = Release|Any CPU
		{DF06F8B0-9754-453B-B4D8-A356F4D90C7A}.Debug|Any CPU.ActiveCfg = Debug|Any CPU
		{DF06F8B0-9754-453B-B4D8-A356F4D90C7A}.Debug|Any CPU.Build.0 = Debug|Any CPU
		{DF06F8B0-9754-453B-B4D8-A356F4D90C7A}.Release|Any CPU.ActiveCfg = Release|Any CPU
		{DF06F8B0-9754-453B-B4D8-A356F4D90C7A}.Release|Any CPU.Build.0 = Release|Any CPU
		{B8A12357-3646-4357-9BC1-E62B4F81A58B}.Debug|Any CPU.ActiveCfg = Debug|Any CPU
		{B8A12357-3646-4357-9BC1-E62B4F81A58B}.Debug|Any CPU.Build.0 = Debug|Any CPU
		{B8A12357-3646-4357-9BC1-E62B4F81A58B}.Release|Any CPU.ActiveCfg = Release|Any CPU
		{B8A12357-3646-4357-9BC1-E62B4F81A58B}.Release|Any CPU.Build.0 = Release|Any CPU
		{D986B1F8-EB22-4B6D-BD00-6FC34B9990BE}.Debug|Any CPU.ActiveCfg = Debug|Any CPU
		{D986B1F8-EB22-4B6D-BD00-6FC34B9990BE}.Debug|Any CPU.Build.0 = Debug|Any CPU
		{D986B1F8-EB22-4B6D-BD00-6FC34B9990BE}.Release|Any CPU.ActiveCfg = Release|Any CPU
		{D986B1F8-EB22-4B6D-BD00-6FC34B9990BE}.Release|Any CPU.Build.0 = Release|Any CPU
		{4A60A851-90E8-4270-AFF3-451BBD8779C2}.Debug|Any CPU.ActiveCfg = Debug|Any CPU
		{4A60A851-90E8-4270-AFF3-451BBD8779C2}.Debug|Any CPU.Build.0 = Debug|Any CPU
		{4A60A851-90E8-4270-AFF3-451BBD8779C2}.Release|Any CPU.ActiveCfg = Release|Any CPU
		{4A60A851-90E8-4270-AFF3-451BBD8779C2}.Release|Any CPU.Build.0 = Release|Any CPU
	EndGlobalSection
	GlobalSection(SolutionProperties) = preSolution
		HideSolutionNode = FALSE
	EndGlobalSection
	GlobalSection(ExtensibilityGlobals) = postSolution
		SolutionGuid = {176A87E1-FB61-406C-AA7F-63C2022E199D}
	EndGlobalSection
EndGlobal
